// !$*UTF8*$!
{
	archiveVersion = 1;
	classes = {
	};
	objectVersion = 46;
	objects = {

/* Begin PBXBuildFile section */
		0F758A3F10790A83009EA5D9 /* R1000Regs.h in Headers */ = {isa = PBXBuildFile; fileRef = 0F758A3E10790A83009EA5D9 /* R1000Regs.h */; };
		0F758A4610790AC5009EA5D9 /* mii.h in Headers */ = {isa = PBXBuildFile; fileRef = 0F758A4510790AC5009EA5D9 /* mii.h */; };
		0FCB3C6E107F05FF00032BEC /* RTL8168.cpp in Sources */ = {isa = PBXBuildFile; fileRef = 0FCB3C6D107F05FF00032BEC /* RTL8168.cpp */; };
		0FCB3C70107F061300032BEC /* RTL8169.cpp in Sources */ = {isa = PBXBuildFile; fileRef = 0FCB3C6F107F061300032BEC /* RTL8169.cpp */; };
		0FCB3C72107F062F00032BEC /* RTL8100.cpp in Sources */ = {isa = PBXBuildFile; fileRef = 0FCB3C71107F062F00032BEC /* RTL8100.cpp */; };
		0FCB3C80107F0A1600032BEC /* impl_defs.h in Headers */ = {isa = PBXBuildFile; fileRef = 0FCB3C7F107F0A1600032BEC /* impl_defs.h */; };
		32D94FC60562CBF700B6AF17 /* RealtekR1000SL.h in Headers */ = {isa = PBXBuildFile; fileRef = 1A224C3EFF42367911CA2CB7 /* RealtekR1000SL.h */; };
		32D94FC80562CBF700B6AF17 /* InfoPlist.strings in Resources */ = {isa = PBXBuildFile; fileRef = 089C167DFE841241C02AAC07 /* InfoPlist.strings */; };
		32D94FCA0562CBF700B6AF17 /* RealtekR1000SL.cpp in Sources */ = {isa = PBXBuildFile; fileRef = 1A224C3FFF42367911CA2CB7 /* RealtekR1000SL.cpp */; settings = {ATTRIBUTES = (); }; };
/* End PBXBuildFile section */

/* Begin PBXFileReference section */
		089C167EFE841241C02AAC07 /* English */ = {isa = PBXFileReference; fileEncoding = 4; lastKnownFileType = text.plist.strings; name = English; path = English.lproj/InfoPlist.strings; sourceTree = "<group>"; };
		0F758A3E10790A83009EA5D9 /* R1000Regs.h */ = {isa = PBXFileReference; fileEncoding = 4; lastKnownFileType = sourcecode.c.h; path = R1000Regs.h; sourceTree = "<group>"; };
		0F758A4510790AC5009EA5D9 /* mii.h */ = {isa = PBXFileReference; fileEncoding = 4; lastKnownFileType = sourcecode.c.h; path = mii.h; sourceTree = "<group>"; };
		0FCB3C6D107F05FF00032BEC /* RTL8168.cpp */ = {isa = PBXFileReference; fileEncoding = 4; lastKnownFileType = sourcecode.cpp.cpp; path = RTL8168.cpp; sourceTree = "<group>"; };
		0FCB3C6F107F061300032BEC /* RTL8169.cpp */ = {isa = PBXFileReference; fileEncoding = 4; lastKnownFileType = sourcecode.cpp.cpp; path = RTL8169.cpp; sourceTree = "<group>"; };
		0FCB3C71107F062F00032BEC /* RTL8100.cpp */ = {isa = PBXFileReference; fileEncoding = 4; lastKnownFileType = sourcecode.cpp.cpp; path = RTL8100.cpp; sourceTree = "<group>"; };
		0FCB3C7F107F0A1600032BEC /* impl_defs.h */ = {isa = PBXFileReference; fileEncoding = 4; lastKnownFileType = sourcecode.c.h; path = impl_defs.h; sourceTree = "<group>"; };
		1252BE0216E9CAB8002467B3 /* Makefile */ = {isa = PBXFileReference; lastKnownFileType = sourcecode.make; path = Makefile; sourceTree = "<group>"; };
		1252BE0316E9CAB8002467B3 /* Makefile_linux24x */ = {isa = PBXFileReference; lastKnownFileType = text; path = Makefile_linux24x; sourceTree = "<group>"; };
		1252BE0416E9CAB8002467B3 /* r8168.h */ = {isa = PBXFileReference; lastKnownFileType = sourcecode.c.h; path = r8168.h; sourceTree = "<group>"; };
		1252BE0516E9CAB8002467B3 /* r8168_asf.c */ = {isa = PBXFileReference; lastKnownFileType = sourcecode.c.c; path = r8168_asf.c; sourceTree = "<group>"; };
		1252BE0616E9CAB8002467B3 /* r8168_asf.h */ = {isa = PBXFileReference; lastKnownFileType = sourcecode.c.h; path = r8168_asf.h; sourceTree = "<group>"; };
		1252BE0716E9CAB8002467B3 /* r8168_n.c */ = {isa = PBXFileReference; lastKnownFileType = sourcecode.c.c; path = r8168_n.c; sourceTree = "<group>"; };
		1252BE0816E9CAB8002467B3 /* rtl_eeprom.c */ = {isa = PBXFileReference; lastKnownFileType = sourcecode.c.c; path = rtl_eeprom.c; sourceTree = "<group>"; };
		1252BE0916E9CAB8002467B3 /* rtl_eeprom.h */ = {isa = PBXFileReference; lastKnownFileType = sourcecode.c.h; path = rtl_eeprom.h; sourceTree = "<group>"; };
		1252BE0A16E9CAB8002467B3 /* rtltool.c */ = {isa = PBXFileReference; lastKnownFileType = sourcecode.c.c; path = rtltool.c; sourceTree = "<group>"; };
		1252BE0B16E9CAB8002467B3 /* rtltool.h */ = {isa = PBXFileReference; lastKnownFileType = sourcecode.c.h; path = rtltool.h; sourceTree = "<group>"; };
		125CDCC916F058830087E6D0 /* autorun.sh */ = {isa = PBXFileReference; fileEncoding = 4; lastKnownFileType = text.script.sh; path = autorun.sh; sourceTree = "<group>"; };
		125CDCCA16F058830087E6D0 /* Makefile */ = {isa = PBXFileReference; fileEncoding = 4; lastKnownFileType = sourcecode.make; path = Makefile; sourceTree = "<group>"; };
		125CDCCB16F058830087E6D0 /* readme */ = {isa = PBXFileReference; fileEncoding = 4; lastKnownFileType = text; path = readme; sourceTree = "<group>"; };
		125CDCCD16F058830087E6D0 /* Makefile */ = {isa = PBXFileReference; fileEncoding = 4; lastKnownFileType = sourcecode.make; path = Makefile; sourceTree = "<group>"; };
		125CDCCE16F058830087E6D0 /* Makefile_linux24x */ = {isa = PBXFileReference; fileEncoding = 4; lastKnownFileType = text; path = Makefile_linux24x; sourceTree = "<group>"; };
		125CDCCF16F058830087E6D0 /* r8101.h */ = {isa = PBXFileReference; fileEncoding = 4; lastKnownFileType = sourcecode.c.h; path = r8101.h; sourceTree = "<group>"; };
		125CDCD016F058830087E6D0 /* r8101_n.c */ = {isa = PBXFileReference; fileEncoding = 4; lastKnownFileType = sourcecode.c.c; path = r8101_n.c; sourceTree = "<group>"; };
		125CDCD116F058830087E6D0 /* rtl_eeprom.c */ = {isa = PBXFileReference; fileEncoding = 4; lastKnownFileType = sourcecode.c.c; path = rtl_eeprom.c; sourceTree = "<group>"; };
		125CDCD216F058830087E6D0 /* rtl_eeprom.h */ = {isa = PBXFileReference; fileEncoding = 4; lastKnownFileType = sourcecode.c.h; path = rtl_eeprom.h; sourceTree = "<group>"; };
		125CDCD316F058830087E6D0 /* rtl_ethtool.h */ = {isa = PBXFileReference; fileEncoding = 4; lastKnownFileType = sourcecode.c.h; path = rtl_ethtool.h; sourceTree = "<group>"; };
		125CDCD416F058830087E6D0 /* rtltool.c */ = {isa = PBXFileReference; fileEncoding = 4; lastKnownFileType = sourcecode.c.c; path = rtltool.c; sourceTree = "<group>"; };
		125CDCD516F058830087E6D0 /* rtltool.h */ = {isa = PBXFileReference; fileEncoding = 4; lastKnownFileType = sourcecode.c.h; path = rtltool.h; sourceTree = "<group>"; };
		12EEA3C9185DAE9C003A92F8 /* autorun.sh */ = {isa = PBXFileReference; lastKnownFileType = text.script.sh; path = autorun.sh; sourceTree = "<group>"; };
		12EEA3CA185DAE9C003A92F8 /* Makefile */ = {isa = PBXFileReference; lastKnownFileType = sourcecode.make; path = Makefile; sourceTree = "<group>"; };
		12EEA3CB185DAE9C003A92F8 /* readme */ = {isa = PBXFileReference; lastKnownFileType = text; path = readme; sourceTree = "<group>"; };
		12EEA3CD185DAE9C003A92F8 /* Makefile */ = {isa = PBXFileReference; lastKnownFileType = sourcecode.make; path = Makefile; sourceTree = "<group>"; };
		12EEA3CE185DAE9C003A92F8 /* Makefile_linux24x */ = {isa = PBXFileReference; lastKnownFileType = text; path = Makefile_linux24x; sourceTree = "<group>"; };
		12EEA3CF185DAE9C003A92F8 /* r8101.h */ = {isa = PBXFileReference; lastKnownFileType = sourcecode.c.h; path = r8101.h; sourceTree = "<group>"; };
		12EEA3D0185DAE9C003A92F8 /* r8101_n.c */ = {isa = PBXFileReference; lastKnownFileType = sourcecode.c.c; path = r8101_n.c; sourceTree = "<group>"; };
		12EEA3D1185DAE9C003A92F8 /* rtl_eeprom.c */ = {isa = PBXFileReference; lastKnownFileType = sourcecode.c.c; path = rtl_eeprom.c; sourceTree = "<group>"; };
		12EEA3D2185DAE9C003A92F8 /* rtl_eeprom.h */ = {isa = PBXFileReference; lastKnownFileType = sourcecode.c.h; path = rtl_eeprom.h; sourceTree = "<group>"; };
		12EEA3D3185DAE9C003A92F8 /* rtl_ethtool.h */ = {isa = PBXFileReference; lastKnownFileType = sourcecode.c.h; path = rtl_ethtool.h; sourceTree = "<group>"; };
		12EEA3D4185DAE9C003A92F8 /* rtltool.c */ = {isa = PBXFileReference; lastKnownFileType = sourcecode.c.c; path = rtltool.c; sourceTree = "<group>"; };
		12EEA3D5185DAE9C003A92F8 /* rtltool.h */ = {isa = PBXFileReference; lastKnownFileType = sourcecode.c.h; path = rtltool.h; sourceTree = "<group>"; };
		12EEA3D7185DAEAE003A92F8 /* autorun.sh */ = {isa = PBXFileReference; lastKnownFileType = text.script.sh; path = autorun.sh; sourceTree = "<group>"; };
		12EEA3D8185DAEAE003A92F8 /* Makefile */ = {isa = PBXFileReference; lastKnownFileType = sourcecode.make; path = Makefile; sourceTree = "<group>"; };
		12EEA3D9185DAEAE003A92F8 /* README */ = {isa = PBXFileReference; lastKnownFileType = text; path = README; sourceTree = "<group>"; };
		12EEA3DB185DAEAE003A92F8 /* Makefile */ = {isa = PBXFileReference; lastKnownFileType = sourcecode.make; path = Makefile; sourceTree = "<group>"; };
		12EEA3DC185DAEAE003A92F8 /* Makefile_linux24x */ = {isa = PBXFileReference; lastKnownFileType = text; path = Makefile_linux24x; sourceTree = "<group>"; };
		12EEA3DD185DAEAE003A92F8 /* r8168.h */ = {isa = PBXFileReference; lastKnownFileType = sourcecode.c.h; path = r8168.h; sourceTree = "<group>"; };
		12EEA3DE185DAEAE003A92F8 /* r8168_asf.c */ = {isa = PBXFileReference; lastKnownFileType = sourcecode.c.c; path = r8168_asf.c; sourceTree = "<group>"; };
		12EEA3DF185DAEAE003A92F8 /* r8168_asf.h */ = {isa = PBXFileReference; lastKnownFileType = sourcecode.c.h; path = r8168_asf.h; sourceTree = "<group>"; };
		12EEA3E0185DAEAE003A92F8 /* r8168_n.c */ = {isa = PBXFileReference; lastKnownFileType = sourcecode.c.c; path = r8168_n.c; sourceTree = "<group>"; };
		12EEA3E1185DAEAE003A92F8 /* rtl_eeprom.c */ = {isa = PBXFileReference; lastKnownFileType = sourcecode.c.c; path = rtl_eeprom.c; sourceTree = "<group>"; };
		12EEA3E2185DAEAE003A92F8 /* rtl_eeprom.h */ = {isa = PBXFileReference; lastKnownFileType = sourcecode.c.h; path = rtl_eeprom.h; sourceTree = "<group>"; };
		12EEA3E3185DAEAE003A92F8 /* rtltool.c */ = {isa = PBXFileReference; lastKnownFileType = sourcecode.c.c; path = rtltool.c; sourceTree = "<group>"; };
		12EEA3E4185DAEAE003A92F8 /* rtltool.h */ = {isa = PBXFileReference; lastKnownFileType = sourcecode.c.h; path = rtltool.h; sourceTree = "<group>"; };
		12EEA3E6185DAEBE003A92F8 /* autorun.sh */ = {isa = PBXFileReference; lastKnownFileType = text.script.sh; path = autorun.sh; sourceTree = "<group>"; };
		12EEA3E7185DAEBE003A92F8 /* Makefile */ = {isa = PBXFileReference; lastKnownFileType = sourcecode.make; path = Makefile; sourceTree = "<group>"; };
		12EEA3E8185DAEBE003A92F8 /* README */ = {isa = PBXFileReference; lastKnownFileType = text; path = README; sourceTree = "<group>"; };
		12EEA3EA185DAEBE003A92F8 /* Makefile */ = {isa = PBXFileReference; lastKnownFileType = sourcecode.make; path = Makefile; sourceTree = "<group>"; };
		12EEA3EB185DAEBE003A92F8 /* Makefile_linux24x */ = {isa = PBXFileReference; lastKnownFileType = text; path = Makefile_linux24x; sourceTree = "<group>"; };
		12EEA3EC185DAEBE003A92F8 /* r8168.h */ = {isa = PBXFileReference; lastKnownFileType = sourcecode.c.h; path = r8168.h; sourceTree = "<group>"; };
		12EEA3ED185DAEBE003A92F8 /* r8168_asf.c */ = {isa = PBXFileReference; lastKnownFileType = sourcecode.c.c; path = r8168_asf.c; sourceTree = "<group>"; };
		12EEA3EE185DAEBE003A92F8 /* r8168_asf.h */ = {isa = PBXFileReference; lastKnownFileType = sourcecode.c.h; path = r8168_asf.h; sourceTree = "<group>"; };
		12EEA3EF185DAEBE003A92F8 /* r8168_n.c */ = {isa = PBXFileReference; lastKnownFileType = sourcecode.c.c; path = r8168_n.c; sourceTree = "<group>"; };
		12EEA3F0185DAEBE003A92F8 /* rtl_eeprom.c */ = {isa = PBXFileReference; lastKnownFileType = sourcecode.c.c; path = rtl_eeprom.c; sourceTree = "<group>"; };
		12EEA3F1185DAEBE003A92F8 /* rtl_eeprom.h */ = {isa = PBXFileReference; lastKnownFileType = sourcecode.c.h; path = rtl_eeprom.h; sourceTree = "<group>"; };
		12EEA3F2185DAEBE003A92F8 /* rtltool.c */ = {isa = PBXFileReference; lastKnownFileType = sourcecode.c.c; path = rtltool.c; sourceTree = "<group>"; };
		12EEA3F3185DAEBE003A92F8 /* rtltool.h */ = {isa = PBXFileReference; lastKnownFileType = sourcecode.c.h; path = rtltool.h; sourceTree = "<group>"; };
		1A224C3EFF42367911CA2CB7 /* RealtekR1000SL.h */ = {isa = PBXFileReference; fileEncoding = 4; lastKnownFileType = sourcecode.c.h; path = RealtekR1000SL.h; sourceTree = "<group>"; };
		1A224C3FFF42367911CA2CB7 /* RealtekR1000SL.cpp */ = {isa = PBXFileReference; fileEncoding = 4; lastKnownFileType = sourcecode.cpp.cpp; path = RealtekR1000SL.cpp; sourceTree = "<group>"; };
		32D94FCF0562CBF700B6AF17 /* Info.plist */ = {isa = PBXFileReference; lastKnownFileType = text.plist.xml; path = Info.plist; sourceTree = "<group>"; };
		32D94FD00562CBF700B6AF17 /* RealtekR1000SL.kext */ = {isa = PBXFileReference; explicitFileType = wrapper.cfbundle; includeInIndex = 0; path = RealtekR1000SL.kext; sourceTree = BUILT_PRODUCTS_DIR; };
		8DA8362C06AD9B9200E5AC22 /* Kernel.framework */ = {isa = PBXFileReference; lastKnownFileType = wrapper.framework; name = Kernel.framework; path = /System/Library/Frameworks/Kernel.framework; sourceTree = "<absolute>"; };
/* End PBXFileReference section */

/* Begin PBXFrameworksBuildPhase section */
		32D94FCB0562CBF700B6AF17 /* Frameworks */ = {
			isa = PBXFrameworksBuildPhase;
			buildActionMask = 2147483647;
			files = (
			);
			runOnlyForDeploymentPostprocessing = 0;
		};
/* End PBXFrameworksBuildPhase section */

/* Begin PBXGroup section */
		089C166AFE841209C02AAC07 /* RealtekR1000SL */ = {
			isa = PBXGroup;
			children = (
				247142CAFF3F8F9811CA285C /* Source */,
				1252BE0116E9CAB8002467B3 /* src */,
				125CDCC816F058830087E6D0 /* r8101-1.023 1.00 */,
				12EEA3C8185DAE9C003A92F8 /* r8101-1.024.00 */,
				12EEA3D6185DAEAE003A92F8 /* r8168-8.035.00 */,
				12EEA3E5185DAEBE003A92F8 /* r8168-8.037.00 */,
				8DA8362C06AD9B9200E5AC22 /* Kernel.framework */,
				089C167CFE841241C02AAC07 /* Resources */,
				19C28FB6FE9D52B211CA2CBB /* Products */,
			);
			name = RealtekR1000SL;
			sourceTree = "<group>";
		};
		089C167CFE841241C02AAC07 /* Resources */ = {
			isa = PBXGroup;
			children = (
				32D94FCF0562CBF700B6AF17 /* Info.plist */,
				089C167DFE841241C02AAC07 /* InfoPlist.strings */,
			);
			name = Resources;
			sourceTree = "<group>";
		};
		1252BE0116E9CAB8002467B3 /* src */ = {
			isa = PBXGroup;
			children = (
				1252BE0216E9CAB8002467B3 /* Makefile */,
				1252BE0316E9CAB8002467B3 /* Makefile_linux24x */,
				1252BE0416E9CAB8002467B3 /* r8168.h */,
				1252BE0516E9CAB8002467B3 /* r8168_asf.c */,
				1252BE0616E9CAB8002467B3 /* r8168_asf.h */,
				1252BE0716E9CAB8002467B3 /* r8168_n.c */,
				1252BE0816E9CAB8002467B3 /* rtl_eeprom.c */,
				1252BE0916E9CAB8002467B3 /* rtl_eeprom.h */,
				1252BE0A16E9CAB8002467B3 /* rtltool.c */,
				1252BE0B16E9CAB8002467B3 /* rtltool.h */,
			);
			name = src;
			path = "r8168-8.035.00/src";
			sourceTree = "<group>";
		};
		125CDCC816F058830087E6D0 /* r8101-1.023 1.00 */ = {
			isa = PBXGroup;
			children = (
				125CDCC916F058830087E6D0 /* autorun.sh */,
				125CDCCA16F058830087E6D0 /* Makefile */,
				125CDCCB16F058830087E6D0 /* readme */,
				125CDCCC16F058830087E6D0 /* src */,
			);
			path = "r8101-1.023 1.00";
			sourceTree = "<group>";
		};
		125CDCCC16F058830087E6D0 /* src */ = {
			isa = PBXGroup;
			children = (
				125CDCCD16F058830087E6D0 /* Makefile */,
				125CDCCE16F058830087E6D0 /* Makefile_linux24x */,
				125CDCCF16F058830087E6D0 /* r8101.h */,
				125CDCD016F058830087E6D0 /* r8101_n.c */,
				125CDCD116F058830087E6D0 /* rtl_eeprom.c */,
				125CDCD216F058830087E6D0 /* rtl_eeprom.h */,
				125CDCD316F058830087E6D0 /* rtl_ethtool.h */,
				125CDCD416F058830087E6D0 /* rtltool.c */,
				125CDCD516F058830087E6D0 /* rtltool.h */,
			);
			path = src;
			sourceTree = "<group>";
		};
		12EEA3C8185DAE9C003A92F8 /* r8101-1.024.00 */ = {
			isa = PBXGroup;
			children = (
				12EEA3C9185DAE9C003A92F8 /* autorun.sh */,
				12EEA3CA185DAE9C003A92F8 /* Makefile */,
				12EEA3CB185DAE9C003A92F8 /* readme */,
				12EEA3CC185DAE9C003A92F8 /* src */,
			);
			path = "r8101-1.024.00";
			sourceTree = "<group>";
		};
		12EEA3CC185DAE9C003A92F8 /* src */ = {
			isa = PBXGroup;
			children = (
				12EEA3CD185DAE9C003A92F8 /* Makefile */,
				12EEA3CE185DAE9C003A92F8 /* Makefile_linux24x */,
				12EEA3CF185DAE9C003A92F8 /* r8101.h */,
				12EEA3D0185DAE9C003A92F8 /* r8101_n.c */,
				12EEA3D1185DAE9C003A92F8 /* rtl_eeprom.c */,
				12EEA3D2185DAE9C003A92F8 /* rtl_eeprom.h */,
				12EEA3D3185DAE9C003A92F8 /* rtl_ethtool.h */,
				12EEA3D4185DAE9C003A92F8 /* rtltool.c */,
				12EEA3D5185DAE9C003A92F8 /* rtltool.h */,
			);
			path = src;
			sourceTree = "<group>";
		};
		12EEA3D6185DAEAE003A92F8 /* r8168-8.035.00 */ = {
			isa = PBXGroup;
			children = (
				12EEA3D7185DAEAE003A92F8 /* autorun.sh */,
				12EEA3D8185DAEAE003A92F8 /* Makefile */,
				12EEA3D9185DAEAE003A92F8 /* README */,
				12EEA3DA185DAEAE003A92F8 /* src */,
			);
			path = "r8168-8.035.00";
			sourceTree = "<group>";
		};
		12EEA3DA185DAEAE003A92F8 /* src */ = {
			isa = PBXGroup;
			children = (
				12EEA3DB185DAEAE003A92F8 /* Makefile */,
				12EEA3DC185DAEAE003A92F8 /* Makefile_linux24x */,
				12EEA3DD185DAEAE003A92F8 /* r8168.h */,
				12EEA3DE185DAEAE003A92F8 /* r8168_asf.c */,
				12EEA3DF185DAEAE003A92F8 /* r8168_asf.h */,
				12EEA3E0185DAEAE003A92F8 /* r8168_n.c */,
				12EEA3E1185DAEAE003A92F8 /* rtl_eeprom.c */,
				12EEA3E2185DAEAE003A92F8 /* rtl_eeprom.h */,
				12EEA3E3185DAEAE003A92F8 /* rtltool.c */,
				12EEA3E4185DAEAE003A92F8 /* rtltool.h */,
			);
			path = src;
			sourceTree = "<group>";
		};
		12EEA3E5185DAEBE003A92F8 /* r8168-8.037.00 */ = {
			isa = PBXGroup;
			children = (
				12EEA3E6185DAEBE003A92F8 /* autorun.sh */,
				12EEA3E7185DAEBE003A92F8 /* Makefile */,
				12EEA3E8185DAEBE003A92F8 /* README */,
				12EEA3E9185DAEBE003A92F8 /* src */,
			);
			path = "r8168-8.037.00";
			sourceTree = "<group>";
		};
		12EEA3E9185DAEBE003A92F8 /* src */ = {
			isa = PBXGroup;
			children = (
				12EEA3EA185DAEBE003A92F8 /* Makefile */,
				12EEA3EB185DAEBE003A92F8 /* Makefile_linux24x */,
				12EEA3EC185DAEBE003A92F8 /* r8168.h */,
				12EEA3ED185DAEBE003A92F8 /* r8168_asf.c */,
				12EEA3EE185DAEBE003A92F8 /* r8168_asf.h */,
				12EEA3EF185DAEBE003A92F8 /* r8168_n.c */,
				12EEA3F0185DAEBE003A92F8 /* rtl_eeprom.c */,
				12EEA3F1185DAEBE003A92F8 /* rtl_eeprom.h */,
				12EEA3F2185DAEBE003A92F8 /* rtltool.c */,
				12EEA3F3185DAEBE003A92F8 /* rtltool.h */,
			);
			path = src;
			sourceTree = "<group>";
		};
		19C28FB6FE9D52B211CA2CBB /* Products */ = {
			isa = PBXGroup;
			children = (
				32D94FD00562CBF700B6AF17 /* RealtekR1000SL.kext */,
			);
			name = Products;
			sourceTree = "<group>";
		};
		247142CAFF3F8F9811CA285C /* Source */ = {
			isa = PBXGroup;
			children = (
				0FCB3C7F107F0A1600032BEC /* impl_defs.h */,
				0FCB3C6F107F061300032BEC /* RTL8169.cpp */,
				0FCB3C6D107F05FF00032BEC /* RTL8168.cpp */,
				1A224C3EFF42367911CA2CB7 /* RealtekR1000SL.h */,
				1A224C3FFF42367911CA2CB7 /* RealtekR1000SL.cpp */,
				0F758A3E10790A83009EA5D9 /* R1000Regs.h */,
				0F758A4510790AC5009EA5D9 /* mii.h */,
				0FCB3C71107F062F00032BEC /* RTL8100.cpp */,
			);
			name = Source;
			sourceTree = "<group>";
		};
/* End PBXGroup section */

/* Begin PBXHeadersBuildPhase section */
		32D94FC50562CBF700B6AF17 /* Headers */ = {
			isa = PBXHeadersBuildPhase;
			buildActionMask = 2147483647;
			files = (
				32D94FC60562CBF700B6AF17 /* RealtekR1000SL.h in Headers */,
				0F758A3F10790A83009EA5D9 /* R1000Regs.h in Headers */,
				0F758A4610790AC5009EA5D9 /* mii.h in Headers */,
				0FCB3C80107F0A1600032BEC /* impl_defs.h in Headers */,
			);
			runOnlyForDeploymentPostprocessing = 0;
		};
/* End PBXHeadersBuildPhase section */

/* Begin PBXNativeTarget section */
		32D94FC30562CBF700B6AF17 /* RealtekR1000SL */ = {
			isa = PBXNativeTarget;
			buildConfigurationList = 1DEB91D908733DB10010E9CD /* Build configuration list for PBXNativeTarget "RealtekR1000SL" */;
			buildPhases = (
				32D94FC50562CBF700B6AF17 /* Headers */,
				32D94FC70562CBF700B6AF17 /* Resources */,
				32D94FC90562CBF700B6AF17 /* Sources */,
				32D94FCB0562CBF700B6AF17 /* Frameworks */,
				32D94FCC0562CBF700B6AF17 /* Rez */,
			);
			buildRules = (
			);
			dependencies = (
			);
			name = RealtekR1000SL;
			productInstallPath = "$(SYSTEM_LIBRARY_DIR)/Extensions";
			productName = RealtekR1000SL;
			productReference = 32D94FD00562CBF700B6AF17 /* RealtekR1000SL.kext */;
			productType = "com.apple.product-type.kernel-extension.iokit";
		};
/* End PBXNativeTarget section */

/* Begin PBXProject section */
		089C1669FE841209C02AAC07 /* Project object */ = {
			isa = PBXProject;
			attributes = {
				LastUpgradeCheck = 0440;
				ORGANIZATIONNAME = chucko.com;
			};
			buildConfigurationList = 1DEB91DD08733DB10010E9CD /* Build configuration list for PBXProject "RealtekR1000SL-old" */;
			compatibilityVersion = "Xcode 3.2";
			developmentRegion = English;
			hasScannedForEncodings = 1;
			knownRegions = (
				en,
			);
			mainGroup = 089C166AFE841209C02AAC07 /* RealtekR1000SL */;
			projectDirPath = "";
			projectRoot = "";
			targets = (
				32D94FC30562CBF700B6AF17 /* RealtekR1000SL */,
			);
		};
/* End PBXProject section */

/* Begin PBXResourcesBuildPhase section */
		32D94FC70562CBF700B6AF17 /* Resources */ = {
			isa = PBXResourcesBuildPhase;
			buildActionMask = 2147483647;
			files = (
				32D94FC80562CBF700B6AF17 /* InfoPlist.strings in Resources */,
			);
			runOnlyForDeploymentPostprocessing = 0;
		};
/* End PBXResourcesBuildPhase section */

/* Begin PBXRezBuildPhase section */
		32D94FCC0562CBF700B6AF17 /* Rez */ = {
			isa = PBXRezBuildPhase;
			buildActionMask = 2147483647;
			files = (
			);
			runOnlyForDeploymentPostprocessing = 0;
		};
/* End PBXRezBuildPhase section */

/* Begin PBXSourcesBuildPhase section */
		32D94FC90562CBF700B6AF17 /* Sources */ = {
			isa = PBXSourcesBuildPhase;
			buildActionMask = 2147483647;
			files = (
				32D94FCA0562CBF700B6AF17 /* RealtekR1000SL.cpp in Sources */,
				0FCB3C6E107F05FF00032BEC /* RTL8168.cpp in Sources */,
				0FCB3C70107F061300032BEC /* RTL8169.cpp in Sources */,
				0FCB3C72107F062F00032BEC /* RTL8100.cpp in Sources */,
			);
			runOnlyForDeploymentPostprocessing = 0;
		};
/* End PBXSourcesBuildPhase section */

/* Begin PBXVariantGroup section */
		089C167DFE841241C02AAC07 /* InfoPlist.strings */ = {
			isa = PBXVariantGroup;
			children = (
				089C167EFE841241C02AAC07 /* English */,
			);
			name = InfoPlist.strings;
			sourceTree = "<group>";
		};
/* End PBXVariantGroup section */

/* Begin XCBuildConfiguration section */
		1DEB91DA08733DB10010E9CD /* Debug */ = {
			isa = XCBuildConfiguration;
			buildSettings = {
				ALWAYS_SEARCH_USER_PATHS = NO;
				COMBINE_HIDPI_IMAGES = YES;
				COPY_PHASE_STRIP = NO;
				CURRENT_PROJECT_VERSION = 3.1.0;
				DEBUG_INFORMATION_FORMAT = "dwarf-with-dsym";
				GCC_DYNAMIC_NO_PIC = NO;
				GCC_ENABLE_CPP_EXCEPTIONS = YES;
				GCC_ENABLE_CPP_RTTI = YES;
				GCC_GENERATE_DEBUGGING_SYMBOLS = NO;
				GCC_MODEL_TUNING = "";
				GCC_OPTIMIZATION_LEVEL = 0;
				GCC_VERSION = com.apple.compilers.llvm.clang.1_0;
				INFOPLIST_FILE = Info.plist;
				INSTALL_PATH = "$(SYSTEM_LIBRARY_DIR)/Extensions";
				MODULE_NAME = org.chuko.driver.RealtekR1000SL;
				MODULE_VERSION = 3.1.0d1;
				PRODUCT_NAME = RealtekR1000SL;
				WRAPPER_EXTENSION = kext;
			};
			name = Debug;
		};
		1DEB91DB08733DB10010E9CD /* Release */ = {
			isa = XCBuildConfiguration;
			buildSettings = {
				ALWAYS_SEARCH_USER_PATHS = NO;
				ARCHS = (
					i386,
					x86_64,
				);
				COMBINE_HIDPI_IMAGES = YES;
				CURRENT_PROJECT_VERSION = 3.1.2;
				DEBUG_INFORMATION_FORMAT = "dwarf-with-dsym";
				GCC_ENABLE_CPP_EXCEPTIONS = YES;
				GCC_ENABLE_CPP_RTTI = YES;
				GCC_GENERATE_DEBUGGING_SYMBOLS = NO;
				GCC_MODEL_TUNING = "";
				GCC_VERSION = "";
				INFOPLIST_FILE = Info.plist;
				INSTALL_PATH = "$(SYSTEM_LIBRARY_DIR)/Extensions";
				MODULE_NAME = org.chuko.driver.RealtekR1000SL;
				MODULE_VERSION = 3.1.2;
				PRODUCT_NAME = RealtekR1000SL;
				WRAPPER_EXTENSION = kext;
			};
			name = Release;
		};
		1DEB91DE08733DB10010E9CD /* Debug */ = {
			isa = XCBuildConfiguration;
			buildSettings = {
				ARCHS = "$(ARCHS_STANDARD_32_64_BIT)";
				BUILD_VARIANTS = normal;
				GCC_C_LANGUAGE_STANDARD = gnu99;
				GCC_ENABLE_OBJC_EXCEPTIONS = NO;
				GCC_ENABLE_PASCAL_STRINGS = NO;
				GCC_ENABLE_SSE3_EXTENSIONS = YES;
				GCC_MODEL_TUNING = "";
				GCC_OPTIMIZATION_LEVEL = s;
				GCC_PREPROCESSOR_DEFINITIONS = DEBUG;
				GCC_VERSION = "";
				GCC_WARN_ABOUT_RETURN_TYPE = YES;
				GCC_WARN_MISSING_PARENTHESES = YES;
				GCC_WARN_SHADOW = YES;
				GCC_WARN_UNINITIALIZED_AUTOS = NO;
				GCC_WARN_UNUSED_VARIABLE = YES;
				INSTALL_OWNER = root;
				MODULE_VERSION = 3.0.3d1;
				ONLY_ACTIVE_ARCH = NO;
				OTHER_CFLAGS = (
					"-DCONFIG_DOWN_SPEED_100",
					"-DNO_R1000_CHECKSUM_OFFLOAD",
					"-DPCI_ERROR",
				);
				SDKROOT = "";
				VALID_ARCHS = "i386 x86_64";
			};
			name = Debug;
		};
		1DEB91DF08733DB10010E9CD /* Release */ = {
			isa = XCBuildConfiguration;
			buildSettings = {
				ARCHS = (
					i386,
					x86_64,
				);
				GCC_C_LANGUAGE_STANDARD = gnu99;
				GCC_ENABLE_OBJC_EXCEPTIONS = NO;
				GCC_ENABLE_PASCAL_STRINGS = NO;
				GCC_ENABLE_SSE3_EXTENSIONS = YES;
				GCC_GENERATE_DEBUGGING_SYMBOLS = NO;
				GCC_MODEL_TUNING = "";
				GCC_OPTIMIZATION_LEVEL = s;
				GCC_VERSION = com.apple.compilers.llvmgcc42;
				GCC_WARN_ABOUT_RETURN_TYPE = YES;
				GCC_WARN_MISSING_PARENTHESES = YES;
				GCC_WARN_SHADOW = YES;
				GCC_WARN_UNINITIALIZED_AUTOS = NO;
				GCC_WARN_UNUSED_VARIABLE = YES;
				INSTALL_OWNER = root;
				MODULE_VERSION = 3.1.2;
				ONLY_ACTIVE_ARCH = NO;
				SDKROOT = "";
				VALID_ARCHS = "i386 x86_64";
			};
			name = Release;
		};
/* End XCBuildConfiguration section */

/* Begin XCConfigurationList section */
		1DEB91D908733DB10010E9CD /* Build configuration list for PBXNativeTarget "RealtekR1000SL" */ = {
			isa = XCConfigurationList;
			buildConfigurations = (
				1DEB91DA08733DB10010E9CD /* Debug */,
				1DEB91DB08733DB10010E9CD /* Release */,
			);
			defaultConfigurationIsVisible = 0;
			defaultConfigurationName = Debug;
		};
		1DEB91DD08733DB10010E9CD /* Build configuration list for PBXProject "RealtekR1000SL-old" */ = {
			isa = XCConfigurationList;
			buildConfigurations = (
				1DEB91DE08733DB10010E9CD /* Debug */,
				1DEB91DF08733DB10010E9CD /* Release */,
			);
			defaultConfigurationIsVisible = 0;
			defaultConfigurationName = Debug;
		};
/* End XCConfigurationList section */
	};
	rootObject = 089C1669FE841209C02AAC07 /* Project object */;
}
